<Solution>
  <Project Path="Installer.Wix/Installer.Wix.wixproj" Type="b7dd6f7e-def8-4e67-b5b7-07ef123db6f0" />
  <Project Path="Installer/Installer.csproj" />
  <Project Path="Meow.NetX/Meow.NetX.csproj" />
  <Project Path="Patcher/Patcher.csproj" />
  <Project Path="PluginLoader/PluginLoader.csproj" />
  <Project Path="TestPlugin/TestPlugin.csproj" />
</Solution>
